// !$*UTF8*$!
{
	archiveVersion = 1;
	classes = {
	};
	objectVersion = 77;
	objects = {

/* Begin PBXBuildFile section */
		05A597856AFCFEABB33E141E /* ScreenCaptureKit.framework in Frameworks */ = {isa = PBXBuildFile; fileRef = 8A5D2561289B25A05BA70BD9 /* ScreenCaptureKit.framework */; };
		05E0A96954F0C673B361DF83 /* LibraryDetailView.swift in Sources */ = {isa = PBXBuildFile; fileRef = F0B2D9D328AFA85679F7F76E /* LibraryDetailView.swift */; };
		073DB659126CFA98B9300DD9 /* EditorTool.swift in Sources */ = {isa = PBXBuildFile; fileRef = 60327F2B4EEDC259596A52C1 /* EditorTool.swift */; };
		087760B1903D7B097F801C3B /* RegionSelectionView.swift in Sources */ = {isa = PBXBuildFile; fileRef = 2454E6D0A1023AFB3FC8EFFE /* RegionSelectionView.swift */; };
		09B61C1F719984BF89633DE1 /* ShortcutRecorderView.swift in Sources */ = {isa = PBXBuildFile; fileRef = B762257B118ED2454C34EA0A /* ShortcutRecorderView.swift */; };
		10B63D01B3FFA3DD1193EA7D /* CaptureSettings.swift in Sources */ = {isa = PBXBuildFile; fileRef = 507DBAB24FBBFA15E5D812F0 /* CaptureSettings.swift */; };
		15F6749D5801A12E858E0A35 /* ScreenSnipeTests.swift in Sources */ = {isa = PBXBuildFile; fileRef = 825745CA870811F85EE70E25 /* ScreenSnipeTests.swift */; };
		16068F8264D4A7120A2ADBC4 /* TextTool.swift in Sources */ = {isa = PBXBuildFile; fileRef = A1DD7F5C06AD11BFFB09EF6B /* TextTool.swift */; };
		20126B581FC282D6F9D45762 /* LibraryToolbarDelegate.swift in Sources */ = {isa = PBXBuildFile; fileRef = 66A16AD2B673E9E26ADA0D6C /* LibraryToolbarDelegate.swift */; };
		2310FD8726A4CD1EAC3164F9 /* TextCapturePanel.swift in Sources */ = {isa = PBXBuildFile; fileRef = 2032FDA17CA0E66E3F1F063E /* TextCapturePanel.swift */; };
		255738EE72AEE33DCC09406B /* ScreenCaptureService.swift in Sources */ = {isa = PBXBuildFile; fileRef = D94C399B5153EB6B5744E8AA /* ScreenCaptureService.swift */; };
		268F3E08A008A3E6262F097F /* PreferencesView.swift in Sources */ = {isa = PBXBuildFile; fileRef = 52AD24345BF78A4BFD492846 /* PreferencesView.swift */; };
		2C912D933F5EF296E6CAD5DA /* CountdownOverlay.swift in Sources */ = {isa = PBXBuildFile; fileRef = BB55C911F9073255DC113D57 /* CountdownOverlay.swift */; };
		2DCEC82488009D16420607D1 /* BlurTool.swift in Sources */ = {isa = PBXBuildFile; fileRef = 3A678EC1DD8522A3A6EB6C6E /* BlurTool.swift */; };
		31BF69C01E61080924565996 /* TextRecognitionService.swift in Sources */ = {isa = PBXBuildFile; fileRef = 09074D3AC9C07A961828FC79 /* TextRecognitionService.swift */; };
		3D2F397796A77E6AE82E1D0C /* StitchProgressView.swift in Sources */ = {isa = PBXBuildFile; fileRef = 6564E0BA40A6F4BD49A1808C /* StitchProgressView.swift */; };
		3F7747A049383D7A86FCEFC9 /* AppDelegate.swift in Sources */ = {isa = PBXBuildFile; fileRef = B0C7A3770431C0C7E1735977 /* AppDelegate.swift */; };
		40B5108AA62B3837FEBFAF79 /* AudioSettings.swift in Sources */ = {isa = PBXBuildFile; fileRef = 7D376D0161B6CEF41E2739BA /* AudioSettings.swift */; };
		41AE8E985FF0A23910F25199 /* PresetStrip.swift in Sources */ = {isa = PBXBuildFile; fileRef = C184AC4EF72379B8C2FDAD00 /* PresetStrip.swift */; };
		440C51971C550B02FA1A3393 /* PropertyPanel.swift in Sources */ = {isa = PBXBuildFile; fileRef = DD7B7821A21456787C813BE3 /* PropertyPanel.swift */; };
		4A04E7C90612C1603DE845D7 /* AVFoundation.framework in Frameworks */ = {isa = PBXBuildFile; fileRef = E92DB865D6D2125E5402A8F9 /* AVFoundation.framework */; };
		4BCDE006452FAAB9D19669CA /* CaptureMode.swift in Sources */ = {isa = PBXBuildFile; fileRef = 046C8C3188A85BEFCCC20C18 /* CaptureMode.swift */; };
		4F4C8521CB17D22B2ADF790E /* ToolPreset.swift in Sources */ = {isa = PBXBuildFile; fileRef = B295E15B3996B9D9B902EB47 /* ToolPreset.swift */; };
		5807CD0DF4400F863AED279B /* VideoRecordingService.swift in Sources */ = {isa = PBXBuildFile; fileRef = 6413CCB143BCB50DDD4CA941 /* VideoRecordingService.swift */; };
		585AE660CA04C142D86CEE43 /* AsyncThumbnailView.swift in Sources */ = {isa = PBXBuildFile; fileRef = 673215BBCC18740743A988FF /* AsyncThumbnailView.swift */; };
		5B3126CFA5B6AEFA1EBE4BE6 /* WindowPickerView.swift in Sources */ = {isa = PBXBuildFile; fileRef = 3B3440BD56DFE34113759F1E /* WindowPickerView.swift */; };
		5DB5354E9CB80D9F472F253B /* Annotation.swift in Sources */ = {isa = PBXBuildFile; fileRef = 9AFBC21C51032308306E1C5C /* Annotation.swift */; };
		64A59B7A940BB2429065D499 /* ScreenSnipeApp.swift in Sources */ = {isa = PBXBuildFile; fileRef = CF8B9767F6E9DB45153C8AF4 /* ScreenSnipeApp.swift */; };
		6975B872A10F8A37C2FB9867 /* LibraryManager.swift in Sources */ = {isa = PBXBuildFile; fileRef = B10E00280ABCF90C8CEC9D12 /* LibraryManager.swift */; };
		6E082555F48C24FD79A7D90F /* LibraryViewModel.swift in Sources */ = {isa = PBXBuildFile; fileRef = 241E801C6DBCD90512120A6F /* LibraryViewModel.swift */; };
		6F9B544531F4175FF90261DE /* ErrorReporter.swift in Sources */ = {isa = PBXBuildFile; fileRef = BDE9DB9B969A7A55D8F330FD /* ErrorReporter.swift */; };
		7197688AE8B0DBE16D19368D /* ShortcutManager.swift in Sources */ = {isa = PBXBuildFile; fileRef = 01E7A42ED11E254BDE9A1977 /* ShortcutManager.swift */; };
		7247A91840B23A02915E857E /* RecordingBorderWindow.swift in Sources */ = {isa = PBXBuildFile; fileRef = 18DFC62F840E041175E3BEEC /* RecordingBorderWindow.swift */; };
		729D4318D4E35F63C0D9E963 /* CanvasView.swift in Sources */ = {isa = PBXBuildFile; fileRef = D8E5BBF5AC19D54CB182F13D /* CanvasView.swift */; };
		78E34F286019B146B0FCAF28 /* CaptureCoordinator.swift in Sources */ = {isa = PBXBuildFile; fileRef = 9FC87F8B5F5A23FC24BBF9F3 /* CaptureCoordinator.swift */; };
		7ECE735CE818FE0D6BF538DD /* AnnotationStore.swift in Sources */ = {isa = PBXBuildFile; fileRef = 7C0843ADB418BD6BC7057BCE /* AnnotationStore.swift */; };
		838996C540E142974C571756 /* SelectionTool.swift in Sources */ = {isa = PBXBuildFile; fileRef = D9C1DDC626427C5720909538 /* SelectionTool.swift */; };
		85718C6D9538D4923A7191B4 /* GlobalHotkeyManager.swift in Sources */ = {isa = PBXBuildFile; fileRef = 9221A243A129CFF4E7AA88CD /* GlobalHotkeyManager.swift */; };
		875038312BB8B8796296579D /* LibraryWindow.swift in Sources */ = {isa = PBXBuildFile; fileRef = EC35F4EE49B3A154D7F66E78 /* LibraryWindow.swift */; };
		889FBA07C7A80041FF1D191D /* ShapeTool.swift in Sources */ = {isa = PBXBuildFile; fileRef = F52FE3F8408EFB0B60990A84 /* ShapeTool.swift */; };
		8E8E513381FFB53B5DD89953 /* ContentView.swift in Sources */ = {isa = PBXBuildFile; fileRef = 93B705B2C9B34CCD71CFC45B /* ContentView.swift */; };
		8FB076D94D6201DE50400CDE /* StitchDialogView.swift in Sources */ = {isa = PBXBuildFile; fileRef = E9F28057EB89E25F4314CD2D /* StitchDialogView.swift */; };
		956797FEB1F5F3418814B212 /* PresetManager.swift in Sources */ = {isa = PBXBuildFile; fileRef = 06C0283B1CE1AD9915197965 /* PresetManager.swift */; };
		98C7D983E16BEBF698A8BFBA /* Vision.framework in Frameworks */ = {isa = PBXBuildFile; fileRef = 7426605E04F50CE90B018F7F /* Vision.framework */; };
		9975D357BB8859D2DCA65CA2 /* LibraryEntryEditView.swift in Sources */ = {isa = PBXBuildFile; fileRef = 7D27E8A68BDB8F8877165E75 /* LibraryEntryEditView.swift */; };
		9C338F2858F7C831E40EB211 /* CanvasRepresentable.swift in Sources */ = {isa = PBXBuildFile; fileRef = 75742739B4D060959A473C68 /* CanvasRepresentable.swift */; };
		A0B1858D7378BFCD2EF57440 /* StitchService.swift in Sources */ = {isa = PBXBuildFile; fileRef = 6A9F486F6065BC759602221A /* StitchService.swift */; };
		A60076869501B9F6AAC96F38 /* LibraryPreferencesTab.swift in Sources */ = {isa = PBXBuildFile; fileRef = 3725ACB29CD15C47AF3867AB /* LibraryPreferencesTab.swift */; };
		A779E1DFAB8F27B0A5FAFA7B /* CropTool.swift in Sources */ = {isa = PBXBuildFile; fileRef = 79CF7310252C03E41F59B915 /* CropTool.swift */; };
		A7FFA566AC49D29EAF53FAE5 /* StitchConfiguration.swift in Sources */ = {isa = PBXBuildFile; fileRef = DAD276D4C2998ABF7199553E /* StitchConfiguration.swift */; };
		B11D35A317AD6E5D58161E14 /* RegionSelectionWindow.swift in Sources */ = {isa = PBXBuildFile; fileRef = AF0BA2A0D67767F0F4F538C1 /* RegionSelectionWindow.swift */; };
		BAE3043844AB05D76B3C1D45 /* LibraryEntry.swift in Sources */ = {isa = PBXBuildFile; fileRef = 55F60EF2FA770FFB74CC6C5F /* LibraryEntry.swift */; };
		D0339A45F7287DCF9B974201 /* PreferencesWindow.swift in Sources */ = {isa = PBXBuildFile; fileRef = 72BA5B957259B2CD3882230F /* PreferencesWindow.swift */; };
		D0497F9859858FED19AEAC24 /* ShortcutAction.swift in Sources */ = {isa = PBXBuildFile; fileRef = 8083180F5DCE32C60E2CD3D5 /* ShortcutAction.swift */; };
		D44833B3E032812B7954C5FB /* CodableAnnotation.swift in Sources */ = {isa = PBXBuildFile; fileRef = 02F9D7C9D437BD768782929D /* CodableAnnotation.swift */; };
		D7CC58774D45B2B2247B0178 /* VideoExportService.swift in Sources */ = {isa = PBXBuildFile; fileRef = E0900A75410F32E53619EA39 /* VideoExportService.swift */; };
		D8DD46C7A5C0377B8B8594F1 /* HighlighterTool.swift in Sources */ = {isa = PBXBuildFile; fileRef = 6A55CB4EBA7720FF83AD451D /* HighlighterTool.swift */; };
		DBBCB95B421D62B59845C7FD /* ShortcutsPreferencesTab.swift in Sources */ = {isa = PBXBuildFile; fileRef = 34939CC75FA2AC17C8A6B900 /* ShortcutsPreferencesTab.swift */; };
		DEB80325AE18C44E72839BD4 /* LibraryView.swift in Sources */ = {isa = PBXBuildFile; fileRef = 45FF3DB611FB957A8ABB4E6A /* LibraryView.swift */; };
		E3C2ED6602D5C7C7CDB13E0B /* PrivacyInfo.xcprivacy in Resources */ = {isa = PBXBuildFile; fileRef = F65DB9EED242B9352DD90506 /* PrivacyInfo.xcprivacy */; };
		E8BB4D44AA251A7149A37F82 /* Assets.xcassets in Resources */ = {isa = PBXBuildFile; fileRef = 21D75D07D0B6D2B1EF42B670 /* Assets.xcassets */; };
		E954CA52682328260EFD8CEF /* ImageExportService.swift in Sources */ = {isa = PBXBuildFile; fileRef = C132E35B439A49A4F004ABA3 /* ImageExportService.swift */; };
		F2871289021689B2837542A3 /* LineTool.swift in Sources */ = {isa = PBXBuildFile; fileRef = 156BB174213ECFF3E4E1EB5E /* LineTool.swift */; };
		F4E61D6636009E305ABB85ED /* LibraryEntryRow.swift in Sources */ = {isa = PBXBuildFile; fileRef = C5C63C55BB263ECF2FE3050C /* LibraryEntryRow.swift */; };
		F70AA8F4AA75B874DF275273 /* CopiedToast.swift in Sources */ = {isa = PBXBuildFile; fileRef = 94984EA3B0D1E8901E053195 /* CopiedToast.swift */; };
		FCEF4BF30B8D27EAD339B14A /* LibrarySidebar.swift in Sources */ = {isa = PBXBuildFile; fileRef = F57CE7C058D54E9425CFCA74 /* LibrarySidebar.swift */; };
		FFB1E8910B1DDAF7EDD6BEF4 /* ArrowTool.swift in Sources */ = {isa = PBXBuildFile; fileRef = 83973655F343E9A88F7F5FE6 /* ArrowTool.swift */; };
/* End PBXBuildFile section */

/* Begin PBXContainerItemProxy section */
		EAAEBB21DBEAA0E6654A80EF /* PBXContainerItemProxy */ = {
			isa = PBXContainerItemProxy;
			containerPortal = 062E1C6D41440D546F1DEC8E /* Project object */;
			proxyType = 1;
			remoteGlobalIDString = 4014E0D1EA57CFE837902328;
			remoteInfo = ScreenSnipe;
		};
/* End PBXContainerItemProxy section */

/* Begin PBXFileReference section */
		01E7A42ED11E254BDE9A1977 /* ShortcutManager.swift */ = {isa = PBXFileReference; lastKnownFileType = sourcecode.swift; path = ShortcutManager.swift; sourceTree = "<group>"; };
		02F9D7C9D437BD768782929D /* CodableAnnotation.swift */ = {isa = PBXFileReference; lastKnownFileType = sourcecode.swift; path = CodableAnnotation.swift; sourceTree = "<group>"; };
		046C8C3188A85BEFCCC20C18 /* CaptureMode.swift */ = {isa = PBXFileReference; lastKnownFileType = sourcecode.swift; path = CaptureMode.swift; sourceTree = "<group>"; };
		06C0283B1CE1AD9915197965 /* PresetManager.swift */ = {isa = PBXFileReference; lastKnownFileType = sourcecode.swift; path = PresetManager.swift; sourceTree = "<group>"; };
		09074D3AC9C07A961828FC79 /* TextRecognitionService.swift */ = {isa = PBXFileReference; lastKnownFileType = sourcecode.swift; path = TextRecognitionService.swift; sourceTree = "<group>"; };
		156BB174213ECFF3E4E1EB5E /* LineTool.swift */ = {isa = PBXFileReference; lastKnownFileType = sourcecode.swift; path = LineTool.swift; sourceTree = "<group>"; };
		18DFC62F840E041175E3BEEC /* RecordingBorderWindow.swift */ = {isa = PBXFileReference; lastKnownFileType = sourcecode.swift; path = RecordingBorderWindow.swift; sourceTree = "<group>"; };
		2032FDA17CA0E66E3F1F063E /* TextCapturePanel.swift */ = {isa = PBXFileReference; lastKnownFileType = sourcecode.swift; path = TextCapturePanel.swift; sourceTree = "<group>"; };
		20FEAD36D866C8E89C7EB47F /* ScreenSnipe.app */ = {isa = PBXFileReference; explicitFileType = wrapper.application; includeInIndex = 0; path = ScreenSnipe.app; sourceTree = BUILT_PRODUCTS_DIR; };
		21D75D07D0B6D2B1EF42B670 /* Assets.xcassets */ = {isa = PBXFileReference; lastKnownFileType = folder.assetcatalog; path = Assets.xcassets; sourceTree = "<group>"; };
		23AF38F3B0304603CE152435 /* ScreenSnipe.entitlements */ = {isa = PBXFileReference; lastKnownFileType = text.plist.entitlements; path = ScreenSnipe.entitlements; sourceTree = "<group>"; };
		241E801C6DBCD90512120A6F /* LibraryViewModel.swift */ = {isa = PBXFileReference; lastKnownFileType = sourcecode.swift; path = LibraryViewModel.swift; sourceTree = "<group>"; };
		2454E6D0A1023AFB3FC8EFFE /* RegionSelectionView.swift */ = {isa = PBXFileReference; lastKnownFileType = sourcecode.swift; path = RegionSelectionView.swift; sourceTree = "<group>"; };
		34939CC75FA2AC17C8A6B900 /* ShortcutsPreferencesTab.swift */ = {isa = PBXFileReference; lastKnownFileType = sourcecode.swift; path = ShortcutsPreferencesTab.swift; sourceTree = "<group>"; };
		3725ACB29CD15C47AF3867AB /* LibraryPreferencesTab.swift */ = {isa = PBXFileReference; lastKnownFileType = sourcecode.swift; path = LibraryPreferencesTab.swift; sourceTree = "<group>"; };
		3A678EC1DD8522A3A6EB6C6E /* BlurTool.swift */ = {isa = PBXFileReference; lastKnownFileType = sourcecode.swift; path = BlurTool.swift; sourceTree = "<group>"; };
		3B3440BD56DFE34113759F1E /* WindowPickerView.swift */ = {isa = PBXFileReference; lastKnownFileType = sourcecode.swift; path = WindowPickerView.swift; sourceTree = "<group>"; };
		45FF3DB611FB957A8ABB4E6A /* LibraryView.swift */ = {isa = PBXFileReference; lastKnownFileType = sourcecode.swift; path = LibraryView.swift; sourceTree = "<group>"; };
		507DBAB24FBBFA15E5D812F0 /* CaptureSettings.swift */ = {isa = PBXFileReference; lastKnownFileType = sourcecode.swift; path = CaptureSettings.swift; sourceTree = "<group>"; };
		52AD24345BF78A4BFD492846 /* PreferencesView.swift */ = {isa = PBXFileReference; lastKnownFileType = sourcecode.swift; path = PreferencesView.swift; sourceTree = "<group>"; };
		55F60EF2FA770FFB74CC6C5F /* LibraryEntry.swift */ = {isa = PBXFileReference; lastKnownFileType = sourcecode.swift; path = LibraryEntry.swift; sourceTree = "<group>"; };
		60327F2B4EEDC259596A52C1 /* EditorTool.swift */ = {isa = PBXFileReference; lastKnownFileType = sourcecode.swift; path = EditorTool.swift; sourceTree = "<group>"; };
		6413CCB143BCB50DDD4CA941 /* VideoRecordingService.swift */ = {isa = PBXFileReference; lastKnownFileType = sourcecode.swift; path = VideoRecordingService.swift; sourceTree = "<group>"; };
		6564E0BA40A6F4BD49A1808C /* StitchProgressView.swift */ = {isa = PBXFileReference; lastKnownFileType = sourcecode.swift; path = StitchProgressView.swift; sourceTree = "<group>"; };
		66A16AD2B673E9E26ADA0D6C /* LibraryToolbarDelegate.swift */ = {isa = PBXFileReference; lastKnownFileType = sourcecode.swift; path = LibraryToolbarDelegate.swift; sourceTree = "<group>"; };
		673215BBCC18740743A988FF /* AsyncThumbnailView.swift */ = {isa = PBXFileReference; lastKnownFileType = sourcecode.swift; path = AsyncThumbnailView.swift; sourceTree = "<group>"; };
		6A55CB4EBA7720FF83AD451D /* HighlighterTool.swift */ = {isa = PBXFileReference; lastKnownFileType = sourcecode.swift; path = HighlighterTool.swift; sourceTree = "<group>"; };
		6A9F486F6065BC759602221A /* StitchService.swift */ = {isa = PBXFileReference; lastKnownFileType = sourcecode.swift; path = StitchService.swift; sourceTree = "<group>"; };
		72BA5B957259B2CD3882230F /* PreferencesWindow.swift */ = {isa = PBXFileReference; lastKnownFileType = sourcecode.swift; path = PreferencesWindow.swift; sourceTree = "<group>"; };
		7426605E04F50CE90B018F7F /* Vision.framework */ = {isa = PBXFileReference; lastKnownFileType = wrapper.framework; name = Vision.framework; path = System/Library/Frameworks/Vision.framework; sourceTree = SDKROOT; };
		75742739B4D060959A473C68 /* CanvasRepresentable.swift */ = {isa = PBXFileReference; lastKnownFileType = sourcecode.swift; path = CanvasRepresentable.swift; sourceTree = "<group>"; };
		79CF7310252C03E41F59B915 /* CropTool.swift */ = {isa = PBXFileReference; lastKnownFileType = sourcecode.swift; path = CropTool.swift; sourceTree = "<group>"; };
		7C0843ADB418BD6BC7057BCE /* AnnotationStore.swift */ = {isa = PBXFileReference; lastKnownFileType = sourcecode.swift; path = AnnotationStore.swift; sourceTree = "<group>"; };
		7D27E8A68BDB8F8877165E75 /* LibraryEntryEditView.swift */ = {isa = PBXFileReference; lastKnownFileType = sourcecode.swift; path = LibraryEntryEditView.swift; sourceTree = "<group>"; };
		7D376D0161B6CEF41E2739BA /* AudioSettings.swift */ = {isa = PBXFileReference; lastKnownFileType = sourcecode.swift; path = AudioSettings.swift; sourceTree = "<group>"; };
		8083180F5DCE32C60E2CD3D5 /* ShortcutAction.swift */ = {isa = PBXFileReference; lastKnownFileType = sourcecode.swift; path = ShortcutAction.swift; sourceTree = "<group>"; };
		825745CA870811F85EE70E25 /* ScreenSnipeTests.swift */ = {isa = PBXFileReference; lastKnownFileType = sourcecode.swift; path = ScreenSnipeTests.swift; sourceTree = "<group>"; };
		83973655F343E9A88F7F5FE6 /* ArrowTool.swift */ = {isa = PBXFileReference; lastKnownFileType = sourcecode.swift; path = ArrowTool.swift; sourceTree = "<group>"; };
		8A5D2561289B25A05BA70BD9 /* ScreenCaptureKit.framework */ = {isa = PBXFileReference; lastKnownFileType = wrapper.framework; name = ScreenCaptureKit.framework; path = System/Library/Frameworks/ScreenCaptureKit.framework; sourceTree = SDKROOT; };
		9221A243A129CFF4E7AA88CD /* GlobalHotkeyManager.swift */ = {isa = PBXFileReference; lastKnownFileType = sourcecode.swift; path = GlobalHotkeyManager.swift; sourceTree = "<group>"; };
		93B705B2C9B34CCD71CFC45B /* ContentView.swift */ = {isa = PBXFileReference; lastKnownFileType = sourcecode.swift; path = ContentView.swift; sourceTree = "<group>"; };
		94984EA3B0D1E8901E053195 /* CopiedToast.swift */ = {isa = PBXFileReference; lastKnownFileType = sourcecode.swift; path = CopiedToast.swift; sourceTree = "<group>"; };
		9AFBC21C51032308306E1C5C /* Annotation.swift */ = {isa = PBXFileReference; lastKnownFileType = sourcecode.swift; path = Annotation.swift; sourceTree = "<group>"; };
		9FC87F8B5F5A23FC24BBF9F3 /* CaptureCoordinator.swift */ = {isa = PBXFileReference; lastKnownFileType = sourcecode.swift; path = CaptureCoordinator.swift; sourceTree = "<group>"; };
		A1DD7F5C06AD11BFFB09EF6B /* TextTool.swift */ = {isa = PBXFileReference; lastKnownFileType = sourcecode.swift; path = TextTool.swift; sourceTree = "<group>"; };
		AF0BA2A0D67767F0F4F538C1 /* RegionSelectionWindow.swift */ = {isa = PBXFileReference; lastKnownFileType = sourcecode.swift; path = RegionSelectionWindow.swift; sourceTree = "<group>"; };
		B0C7A3770431C0C7E1735977 /* AppDelegate.swift */ = {isa = PBXFileReference; lastKnownFileType = sourcecode.swift; path = AppDelegate.swift; sourceTree = "<group>"; };
		B10E00280ABCF90C8CEC9D12 /* LibraryManager.swift */ = {isa = PBXFileReference; lastKnownFileType = sourcecode.swift; path = LibraryManager.swift; sourceTree = "<group>"; };
		B295E15B3996B9D9B902EB47 /* ToolPreset.swift */ = {isa = PBXFileReference; lastKnownFileType = sourcecode.swift; path = ToolPreset.swift; sourceTree = "<group>"; };
		B762257B118ED2454C34EA0A /* ShortcutRecorderView.swift */ = {isa = PBXFileReference; lastKnownFileType = sourcecode.swift; path = ShortcutRecorderView.swift; sourceTree = "<group>"; };
		B88616D87AD1FB03D73DB1A5 /* Info.plist */ = {isa = PBXFileReference; lastKnownFileType = text.plist; path = Info.plist; sourceTree = "<group>"; };
		BB55C911F9073255DC113D57 /* CountdownOverlay.swift */ = {isa = PBXFileReference; lastKnownFileType = sourcecode.swift; path = CountdownOverlay.swift; sourceTree = "<group>"; };
		BDE9DB9B969A7A55D8F330FD /* ErrorReporter.swift */ = {isa = PBXFileReference; lastKnownFileType = sourcecode.swift; path = ErrorReporter.swift; sourceTree = "<group>"; };
		C132E35B439A49A4F004ABA3 /* ImageExportService.swift */ = {isa = PBXFileReference; lastKnownFileType = sourcecode.swift; path = ImageExportService.swift; sourceTree = "<group>"; };
		C184AC4EF72379B8C2FDAD00 /* PresetStrip.swift */ = {isa = PBXFileReference; lastKnownFileType = sourcecode.swift; path = PresetStrip.swift; sourceTree = "<group>"; };
		C5C63C55BB263ECF2FE3050C /* LibraryEntryRow.swift */ = {isa = PBXFileReference; lastKnownFileType = sourcecode.swift; path = LibraryEntryRow.swift; sourceTree = "<group>"; };
		C924619BC75B0FF7A9CB4BD8 /* ScreenSnipeTests.xctest */ = {isa = PBXFileReference; explicitFileType = wrapper.cfbundle; includeInIndex = 0; path = ScreenSnipeTests.xctest; sourceTree = BUILT_PRODUCTS_DIR; };
		CF8B9767F6E9DB45153C8AF4 /* ScreenSnipeApp.swift */ = {isa = PBXFileReference; lastKnownFileType = sourcecode.swift; path = ScreenSnipeApp.swift; sourceTree = "<group>"; };
		D8E5BBF5AC19D54CB182F13D /* CanvasView.swift */ = {isa = PBXFileReference; lastKnownFileType = sourcecode.swift; path = CanvasView.swift; sourceTree = "<group>"; };
		D94C399B5153EB6B5744E8AA /* ScreenCaptureService.swift */ = {isa = PBXFileReference; lastKnownFileType = sourcecode.swift; path = ScreenCaptureService.swift; sourceTree = "<group>"; };
		D9C1DDC626427C5720909538 /* SelectionTool.swift */ = {isa = PBXFileReference; lastKnownFileType = sourcecode.swift; path = SelectionTool.swift; sourceTree = "<group>"; };
		DAD276D4C2998ABF7199553E /* StitchConfiguration.swift */ = {isa = PBXFileReference; lastKnownFileType = sourcecode.swift; path = StitchConfiguration.swift; sourceTree = "<group>"; };
		DD7B7821A21456787C813BE3 /* PropertyPanel.swift */ = {isa = PBXFileReference; lastKnownFileType = sourcecode.swift; path = PropertyPanel.swift; sourceTree = "<group>"; };
		E0900A75410F32E53619EA39 /* VideoExportService.swift */ = {isa = PBXFileReference; lastKnownFileType = sourcecode.swift; path = VideoExportService.swift; sourceTree = "<group>"; };
		E92DB865D6D2125E5402A8F9 /* AVFoundation.framework */ = {isa = PBXFileReference; lastKnownFileType = wrapper.framework; name = AVFoundation.framework; path = System/Library/Frameworks/AVFoundation.framework; sourceTree = SDKROOT; };
		E9F28057EB89E25F4314CD2D /* StitchDialogView.swift */ = {isa = PBXFileReference; lastKnownFileType = sourcecode.swift; path = StitchDialogView.swift; sourceTree = "<group>"; };
		EC35F4EE49B3A154D7F66E78 /* LibraryWindow.swift */ = {isa = PBXFileReference; lastKnownFileType = sourcecode.swift; path = LibraryWindow.swift; sourceTree = "<group>"; };
		F0B2D9D328AFA85679F7F76E /* LibraryDetailView.swift */ = {isa = PBXFileReference; lastKnownFileType = sourcecode.swift; path = LibraryDetailView.swift; sourceTree = "<group>"; };
		F52FE3F8408EFB0B60990A84 /* ShapeTool.swift */ = {isa = PBXFileReference; lastKnownFileType = sourcecode.swift; path = ShapeTool.swift; sourceTree = "<group>"; };
		F57CE7C058D54E9425CFCA74 /* LibrarySidebar.swift */ = {isa = PBXFileReference; lastKnownFileType = sourcecode.swift; path = LibrarySidebar.swift; sourceTree = "<group>"; };
		F65DB9EED242B9352DD90506 /* PrivacyInfo.xcprivacy */ = {isa = PBXFileReference; path = PrivacyInfo.xcprivacy; sourceTree = "<group>"; };
		FC22DC2EEB35D535FD17653F /* ScreenSnipeDebug.entitlements */ = {isa = PBXFileReference; lastKnownFileType = text.plist.entitlements; path = ScreenSnipeDebug.entitlements; sourceTree = "<group>"; };
/* End PBXFileReference section */

/* Begin PBXFrameworksBuildPhase section */
		5ACD17FB9BD7582F4227EDD7 /* Frameworks */ = {
			isa = PBXFrameworksBuildPhase;
			buildActionMask = 2147483647;
			files = (
				05A597856AFCFEABB33E141E /* ScreenCaptureKit.framework in Frameworks */,
				4A04E7C90612C1603DE845D7 /* AVFoundation.framework in Frameworks */,
				98C7D983E16BEBF698A8BFBA /* Vision.framework in Frameworks */,
			);
			runOnlyForDeploymentPostprocessing = 0;
		};
/* End PBXFrameworksBuildPhase section */

/* Begin PBXGroup section */
		3A851F7C63D2A0A2155E0E46 = {
			isa = PBXGroup;
			children = (
				F4D030F58EC0127DC9A01400 /* ScreenSnipe */,
				6D62970EAD919FCF33182DB3 /* ScreenSnipeTests */,
				CC5C7D406716D3E87EA9C262 /* Frameworks */,
				D8FB603E99F93E4926187DC8 /* Products */,
			);
			sourceTree = "<group>";
		};
		62BE42EC165DACA9BB1B307A /* Resources */ = {
			isa = PBXGroup;
			children = (
				21D75D07D0B6D2B1EF42B670 /* Assets.xcassets */,
				B88616D87AD1FB03D73DB1A5 /* Info.plist */,
				F65DB9EED242B9352DD90506 /* PrivacyInfo.xcprivacy */,
			);
			path = Resources;
			sourceTree = "<group>";
		};
		63B0990B315C8F1CD43649B1 /* Views */ = {
			isa = PBXGroup;
			children = (
				93B705B2C9B34CCD71CFC45B /* ContentView.swift */,
				94984EA3B0D1E8901E053195 /* CopiedToast.swift */,
				B762257B118ED2454C34EA0A /* ShortcutRecorderView.swift */,
			);
			path = Views;
			sourceTree = "<group>";
		};
		6D62970EAD919FCF33182DB3 /* ScreenSnipeTests */ = {
			isa = PBXGroup;
			children = (
				825745CA870811F85EE70E25 /* ScreenSnipeTests.swift */,
			);
			path = ScreenSnipeTests;
			sourceTree = "<group>";
		};
		92E50487DDEDB0196BBD9301 /* Library */ = {
			isa = PBXGroup;
			children = (
				673215BBCC18740743A988FF /* AsyncThumbnailView.swift */,
				F0B2D9D328AFA85679F7F76E /* LibraryDetailView.swift */,
				7D27E8A68BDB8F8877165E75 /* LibraryEntryEditView.swift */,
				C5C63C55BB263ECF2FE3050C /* LibraryEntryRow.swift */,
				3725ACB29CD15C47AF3867AB /* LibraryPreferencesTab.swift */,
				F57CE7C058D54E9425CFCA74 /* LibrarySidebar.swift */,
				66A16AD2B673E9E26ADA0D6C /* LibraryToolbarDelegate.swift */,
				45FF3DB611FB957A8ABB4E6A /* LibraryView.swift */,
				241E801C6DBCD90512120A6F /* LibraryViewModel.swift */,
				EC35F4EE49B3A154D7F66E78 /* LibraryWindow.swift */,
				52AD24345BF78A4BFD492846 /* PreferencesView.swift */,
				72BA5B957259B2CD3882230F /* PreferencesWindow.swift */,
				34939CC75FA2AC17C8A6B900 /* ShortcutsPreferencesTab.swift */,
				E9F28057EB89E25F4314CD2D /* StitchDialogView.swift */,
				6564E0BA40A6F4BD49A1808C /* StitchProgressView.swift */,
			);
			path = Library;
			sourceTree = "<group>";
		};
		9AC9B548A593CFA9B64EAB3F /* UI */ = {
			isa = PBXGroup;
			children = (
				2032FDA17CA0E66E3F1F063E /* TextCapturePanel.swift */,
			);
			path = UI;
			sourceTree = "<group>";
		};
		9E9706FC9E994125700F0771 /* Services */ = {
			isa = PBXGroup;
			children = (
				7D376D0161B6CEF41E2739BA /* AudioSettings.swift */,
				507DBAB24FBBFA15E5D812F0 /* CaptureSettings.swift */,
				BDE9DB9B969A7A55D8F330FD /* ErrorReporter.swift */,
				9221A243A129CFF4E7AA88CD /* GlobalHotkeyManager.swift */,
				C132E35B439A49A4F004ABA3 /* ImageExportService.swift */,
				B10E00280ABCF90C8CEC9D12 /* LibraryManager.swift */,
				06C0283B1CE1AD9915197965 /* PresetManager.swift */,
				D94C399B5153EB6B5744E8AA /* ScreenCaptureService.swift */,
				01E7A42ED11E254BDE9A1977 /* ShortcutManager.swift */,
				6A9F486F6065BC759602221A /* StitchService.swift */,
				09074D3AC9C07A961828FC79 /* TextRecognitionService.swift */,
				E0900A75410F32E53619EA39 /* VideoExportService.swift */,
				6413CCB143BCB50DDD4CA941 /* VideoRecordingService.swift */,
			);
			path = Services;
			sourceTree = "<group>";
		};
		A8BEA5E40712144C404570F6 /* Tools */ = {
			isa = PBXGroup;
			children = (
				83973655F343E9A88F7F5FE6 /* ArrowTool.swift */,
				3A678EC1DD8522A3A6EB6C6E /* BlurTool.swift */,
				79CF7310252C03E41F59B915 /* CropTool.swift */,
				6A55CB4EBA7720FF83AD451D /* HighlighterTool.swift */,
				156BB174213ECFF3E4E1EB5E /* LineTool.swift */,
				D9C1DDC626427C5720909538 /* SelectionTool.swift */,
				F52FE3F8408EFB0B60990A84 /* ShapeTool.swift */,
				A1DD7F5C06AD11BFFB09EF6B /* TextTool.swift */,
			);
			path = Tools;
			sourceTree = "<group>";
		};
		BB1C118D1888DB0CDAEA1056 /* Editor */ = {
			isa = PBXGroup;
			children = (
				75742739B4D060959A473C68 /* CanvasRepresentable.swift */,
				D8E5BBF5AC19D54CB182F13D /* CanvasView.swift */,
				C184AC4EF72379B8C2FDAD00 /* PresetStrip.swift */,
				DD7B7821A21456787C813BE3 /* PropertyPanel.swift */,
				A8BEA5E40712144C404570F6 /* Tools */,
			);
			path = Editor;
			sourceTree = "<group>";
		};
		CA22AE320C3FC30F664D4500 /* Models */ = {
			isa = PBXGroup;
			children = (
				9AFBC21C51032308306E1C5C /* Annotation.swift */,
				7C0843ADB418BD6BC7057BCE /* AnnotationStore.swift */,
				046C8C3188A85BEFCCC20C18 /* CaptureMode.swift */,
				02F9D7C9D437BD768782929D /* CodableAnnotation.swift */,
				60327F2B4EEDC259596A52C1 /* EditorTool.swift */,
				55F60EF2FA770FFB74CC6C5F /* LibraryEntry.swift */,
				8083180F5DCE32C60E2CD3D5 /* ShortcutAction.swift */,
				DAD276D4C2998ABF7199553E /* StitchConfiguration.swift */,
				B295E15B3996B9D9B902EB47 /* ToolPreset.swift */,
			);
			path = Models;
			sourceTree = "<group>";
		};
		CC5C7D406716D3E87EA9C262 /* Frameworks */ = {
			isa = PBXGroup;
			children = (
				E92DB865D6D2125E5402A8F9 /* AVFoundation.framework */,
				8A5D2561289B25A05BA70BD9 /* ScreenCaptureKit.framework */,
				7426605E04F50CE90B018F7F /* Vision.framework */,
			);
			name = Frameworks;
			sourceTree = "<group>";
		};
		D1A36380D2558C5D6100D6C3 /* Capture */ = {
			isa = PBXGroup;
			children = (
				9FC87F8B5F5A23FC24BBF9F3 /* CaptureCoordinator.swift */,
				BB55C911F9073255DC113D57 /* CountdownOverlay.swift */,
				18DFC62F840E041175E3BEEC /* RecordingBorderWindow.swift */,
				2454E6D0A1023AFB3FC8EFFE /* RegionSelectionView.swift */,
				AF0BA2A0D67767F0F4F538C1 /* RegionSelectionWindow.swift */,
				3B3440BD56DFE34113759F1E /* WindowPickerView.swift */,
			);
			path = Capture;
			sourceTree = "<group>";
		};
		D8FB603E99F93E4926187DC8 /* Products */ = {
			isa = PBXGroup;
			children = (
				20FEAD36D866C8E89C7EB47F /* ScreenSnipe.app */,
				C924619BC75B0FF7A9CB4BD8 /* ScreenSnipeTests.xctest */,
			);
			name = Products;
			sourceTree = "<group>";
		};
		F4D030F58EC0127DC9A01400 /* ScreenSnipe */ = {
			isa = PBXGroup;
			children = (
				23AF38F3B0304603CE152435 /* ScreenSnipe.entitlements */,
				FC22DC2EEB35D535FD17653F /* ScreenSnipeDebug.entitlements */,
				FBF6BD470C50EBE146E880BA /* App */,
				D1A36380D2558C5D6100D6C3 /* Capture */,
				BB1C118D1888DB0CDAEA1056 /* Editor */,
				92E50487DDEDB0196BBD9301 /* Library */,
				CA22AE320C3FC30F664D4500 /* Models */,
				62BE42EC165DACA9BB1B307A /* Resources */,
				9E9706FC9E994125700F0771 /* Services */,
				9AC9B548A593CFA9B64EAB3F /* UI */,
				63B0990B315C8F1CD43649B1 /* Views */,
			);
			path = ScreenSnipe;
			sourceTree = "<group>";
		};
		FBF6BD470C50EBE146E880BA /* App */ = {
			isa = PBXGroup;
			children = (
				B0C7A3770431C0C7E1735977 /* AppDelegate.swift */,
				CF8B9767F6E9DB45153C8AF4 /* ScreenSnipeApp.swift */,
			);
			path = App;
			sourceTree = "<group>";
		};
/* End PBXGroup section */

/* Begin PBXNativeTarget section */
		4014E0D1EA57CFE837902328 /* ScreenSnipe */ = {
			isa = PBXNativeTarget;
			buildConfigurationList = C7F85825116BD89203ABDCE3 /* Build configuration list for PBXNativeTarget "ScreenSnipe" */;
			buildPhases = (
				75C03FCD6F4AAAFCA2572144 /* Sources */,
				E0F7B83B34670EBE6D196CFD /* Resources */,
				5ACD17FB9BD7582F4227EDD7 /* Frameworks */,
			);
			buildRules = (
			);
			dependencies = (
			);
			name = ScreenSnipe;
			packageProductDependencies = (
			);
			productName = ScreenSnipe;
			productReference = 20FEAD36D866C8E89C7EB47F /* ScreenSnipe.app */;
			productType = "com.apple.product-type.application";
		};
		D9E0B18B7618467E4D7B7473 /* ScreenSnipeTests */ = {
			isa = PBXNativeTarget;
			buildConfigurationList = 4BFF9FA79BB6E079BF0501E1 /* Build configuration list for PBXNativeTarget "ScreenSnipeTests" */;
			buildPhases = (
				B8DC644D65A28A0534986FB3 /* Sources */,
			);
			buildRules = (
			);
			dependencies = (
				9FD7BA757428C6608888E414 /* PBXTargetDependency */,
			);
			name = ScreenSnipeTests;
			packageProductDependencies = (
			);
			productName = ScreenSnipeTests;
			productReference = C924619BC75B0FF7A9CB4BD8 /* ScreenSnipeTests.xctest */;
			productType = "com.apple.product-type.bundle.unit-test";
		};
/* End PBXNativeTarget section */

/* Begin PBXProject section */
		062E1C6D41440D546F1DEC8E /* Project object */ = {
			isa = PBXProject;
			attributes = {
				BuildIndependentTargetsInParallel = YES;
				LastUpgradeCheck = 1600;
				TargetAttributes = {
					4014E0D1EA57CFE837902328 = {
						DevelopmentTeam = QP3GV5Z4XY;
						ProvisioningStyle = Manual;
					};
					D9E0B18B7618467E4D7B7473 = {
						DevelopmentTeam = QP3GV5Z4XY;
						ProvisioningStyle = Manual;
					};
				};
			};
			buildConfigurationList = 41E1467560856E2B1D8A204E /* Build configuration list for PBXProject "ScreenSnipe" */;
			compatibilityVersion = "Xcode 14.0";
			developmentRegion = en;
			hasScannedForEncodings = 0;
			knownRegions = (
				Base,
				en,
			);
			mainGroup = 3A851F7C63D2A0A2155E0E46;
			minimizedProjectReferenceProxies = 1;
			preferredProjectObjectVersion = 77;
			projectDirPath = "";
			projectRoot = "";
			targets = (
				4014E0D1EA57CFE837902328 /* ScreenSnipe */,
				D9E0B18B7618467E4D7B7473 /* ScreenSnipeTests */,
			);
		};
/* End PBXProject section */

/* Begin PBXResourcesBuildPhase section */
		E0F7B83B34670EBE6D196CFD /* Resources */ = {
			isa = PBXResourcesBuildPhase;
			buildActionMask = 2147483647;
			files = (
				E8BB4D44AA251A7149A37F82 /* Assets.xcassets in Resources */,
				E3C2ED6602D5C7C7CDB13E0B /* PrivacyInfo.xcprivacy in Resources */,
			);
			runOnlyForDeploymentPostprocessing = 0;
		};
/* End PBXResourcesBuildPhase section */

/* Begin PBXSourcesBuildPhase section */
		75C03FCD6F4AAAFCA2572144 /* Sources */ = {
			isa = PBXSourcesBuildPhase;
			buildActionMask = 2147483647;
			files = (
				5DB5354E9CB80D9F472F253B /* Annotation.swift in Sources */,
				7ECE735CE818FE0D6BF538DD /* AnnotationStore.swift in Sources */,
				3F7747A049383D7A86FCEFC9 /* AppDelegate.swift in Sources */,
				FFB1E8910B1DDAF7EDD6BEF4 /* ArrowTool.swift in Sources */,
				585AE660CA04C142D86CEE43 /* AsyncThumbnailView.swift in Sources */,
				40B5108AA62B3837FEBFAF79 /* AudioSettings.swift in Sources */,
				2DCEC82488009D16420607D1 /* BlurTool.swift in Sources */,
				9C338F2858F7C831E40EB211 /* CanvasRepresentable.swift in Sources */,
				729D4318D4E35F63C0D9E963 /* CanvasView.swift in Sources */,
				78E34F286019B146B0FCAF28 /* CaptureCoordinator.swift in Sources */,
				4BCDE006452FAAB9D19669CA /* CaptureMode.swift in Sources */,
				10B63D01B3FFA3DD1193EA7D /* CaptureSettings.swift in Sources */,
				D44833B3E032812B7954C5FB /* CodableAnnotation.swift in Sources */,
				8E8E513381FFB53B5DD89953 /* ContentView.swift in Sources */,
				F70AA8F4AA75B874DF275273 /* CopiedToast.swift in Sources */,
				2C912D933F5EF296E6CAD5DA /* CountdownOverlay.swift in Sources */,
				A779E1DFAB8F27B0A5FAFA7B /* CropTool.swift in Sources */,
				073DB659126CFA98B9300DD9 /* EditorTool.swift in Sources */,
				6F9B544531F4175FF90261DE /* ErrorReporter.swift in Sources */,
				85718C6D9538D4923A7191B4 /* GlobalHotkeyManager.swift in Sources */,
				D8DD46C7A5C0377B8B8594F1 /* HighlighterTool.swift in Sources */,
				E954CA52682328260EFD8CEF /* ImageExportService.swift in Sources */,
				05E0A96954F0C673B361DF83 /* LibraryDetailView.swift in Sources */,
				BAE3043844AB05D76B3C1D45 /* LibraryEntry.swift in Sources */,
				9975D357BB8859D2DCA65CA2 /* LibraryEntryEditView.swift in Sources */,
				F4E61D6636009E305ABB85ED /* LibraryEntryRow.swift in Sources */,
				6975B872A10F8A37C2FB9867 /* LibraryManager.swift in Sources */,
				A60076869501B9F6AAC96F38 /* LibraryPreferencesTab.swift in Sources */,
				FCEF4BF30B8D27EAD339B14A /* LibrarySidebar.swift in Sources */,
				20126B581FC282D6F9D45762 /* LibraryToolbarDelegate.swift in Sources */,
				DEB80325AE18C44E72839BD4 /* LibraryView.swift in Sources */,
				6E082555F48C24FD79A7D90F /* LibraryViewModel.swift in Sources */,
				875038312BB8B8796296579D /* LibraryWindow.swift in Sources */,
				F2871289021689B2837542A3 /* LineTool.swift in Sources */,
				268F3E08A008A3E6262F097F /* PreferencesView.swift in Sources */,
				D0339A45F7287DCF9B974201 /* PreferencesWindow.swift in Sources */,
				956797FEB1F5F3418814B212 /* PresetManager.swift in Sources */,
				41AE8E985FF0A23910F25199 /* PresetStrip.swift in Sources */,
				440C51971C550B02FA1A3393 /* PropertyPanel.swift in Sources */,
				7247A91840B23A02915E857E /* RecordingBorderWindow.swift in Sources */,
				087760B1903D7B097F801C3B /* RegionSelectionView.swift in Sources */,
				B11D35A317AD6E5D58161E14 /* RegionSelectionWindow.swift in Sources */,
				255738EE72AEE33DCC09406B /* ScreenCaptureService.swift in Sources */,
				64A59B7A940BB2429065D499 /* ScreenSnipeApp.swift in Sources */,
				838996C540E142974C571756 /* SelectionTool.swift in Sources */,
				889FBA07C7A80041FF1D191D /* ShapeTool.swift in Sources */,
				D0497F9859858FED19AEAC24 /* ShortcutAction.swift in Sources */,
				7197688AE8B0DBE16D19368D /* ShortcutManager.swift in Sources */,
				09B61C1F719984BF89633DE1 /* ShortcutRecorderView.swift in Sources */,
				DBBCB95B421D62B59845C7FD /* ShortcutsPreferencesTab.swift in Sources */,
				A7FFA566AC49D29EAF53FAE5 /* StitchConfiguration.swift in Sources */,
				8FB076D94D6201DE50400CDE /* StitchDialogView.swift in Sources */,
				3D2F397796A77E6AE82E1D0C /* StitchProgressView.swift in Sources */,
				A0B1858D7378BFCD2EF57440 /* StitchService.swift in Sources */,
				2310FD8726A4CD1EAC3164F9 /* TextCapturePanel.swift in Sources */,
				31BF69C01E61080924565996 /* TextRecognitionService.swift in Sources */,
				16068F8264D4A7120A2ADBC4 /* TextTool.swift in Sources */,
				4F4C8521CB17D22B2ADF790E /* ToolPreset.swift in Sources */,
				D7CC58774D45B2B2247B0178 /* VideoExportService.swift in Sources */,
				5807CD0DF4400F863AED279B /* VideoRecordingService.swift in Sources */,
				5B3126CFA5B6AEFA1EBE4BE6 /* WindowPickerView.swift in Sources */,
			);
			runOnlyForDeploymentPostprocessing = 0;
		};
		B8DC644D65A28A0534986FB3 /* Sources */ = {
			isa = PBXSourcesBuildPhase;
			buildActionMask = 2147483647;
			files = (
				15F6749D5801A12E858E0A35 /* ScreenSnipeTests.swift in Sources */,
			);
			runOnlyForDeploymentPostprocessing = 0;
		};
/* End PBXSourcesBuildPhase section */

/* Begin PBXTargetDependency section */
		9FD7BA757428C6608888E414 /* PBXTargetDependency */ = {
			isa = PBXTargetDependency;
			target = 4014E0D1EA57CFE837902328 /* ScreenSnipe */;
			targetProxy = EAAEBB21DBEAA0E6654A80EF /* PBXContainerItemProxy */;
		};
/* End PBXTargetDependency section */

/* Begin XCBuildConfiguration section */
		296344B47CCACD5A178CBA37 /* Release */ = {
			isa = XCBuildConfiguration;
			buildSettings = {
				ASSETCATALOG_COMPILER_APPICON_NAME = AppIcon;
				CODE_SIGN_ENTITLEMENTS = ScreenSnipe/ScreenSnipe.entitlements;
				COMBINE_HIDPI_IMAGES = YES;
				INFOPLIST_FILE = ScreenSnipe/Resources/Info.plist;
				LD_RUNPATH_SEARCH_PATHS = (
					"$(inherited)",
					"@executable_path/../Frameworks",
				);
				PRODUCT_BUNDLE_IDENTIFIER = app.screensnipe.app;
				PRODUCT_NAME = "Screen Snipe";
				SDKROOT = macosx;
				SWIFT_STRICT_CONCURRENCY = complete;
			};
			name = Release;
		};
		3F4BF85299F9C621A9C4CB9D /* Debug */ = {
			isa = XCBuildConfiguration;
			buildSettings = {
				ALWAYS_SEARCH_USER_PATHS = NO;
				CLANG_ANALYZER_NONNULL = YES;
				CLANG_ANALYZER_NUMBER_OBJECT_CONVERSION = YES_AGGRESSIVE;
				CLANG_CXX_LANGUAGE_STANDARD = "gnu++14";
				CLANG_CXX_LIBRARY = "libc++";
				CLANG_ENABLE_MODULES = YES;
				CLANG_ENABLE_OBJC_ARC = YES;
				CLANG_ENABLE_OBJC_WEAK = YES;
				CLANG_WARN_BLOCK_CAPTURE_AUTORELEASING = YES;
				CLANG_WARN_BOOL_CONVERSION = YES;
				CLANG_WARN_COMMA = YES;
				CLANG_WARN_CONSTANT_CONVERSION = YES;
				CLANG_WARN_DEPRECATED_OBJC_IMPLEMENTATIONS = YES;
				CLANG_WARN_DIRECT_OBJC_ISA_USAGE = YES_ERROR;
				CLANG_WARN_DOCUMENTATION_COMMENTS = YES;
				CLANG_WARN_EMPTY_BODY = YES;
				CLANG_WARN_ENUM_CONVERSION = YES;
				CLANG_WARN_INFINITE_RECURSION = YES;
				CLANG_WARN_INT_CONVERSION = YES;
				CLANG_WARN_NON_LITERAL_NULL_CONVERSION = YES;
				CLANG_WARN_OBJC_IMPLICIT_RETAIN_SELF = YES;
				CLANG_WARN_OBJC_LITERAL_CONVERSION = YES;
				CLANG_WARN_OBJC_ROOT_CLASS = YES_ERROR;
				CLANG_WARN_QUOTED_INCLUDE_IN_FRAMEWORK_HEADER = YES;
				CLANG_WARN_RANGE_LOOP_ANALYSIS = YES;
				CLANG_WARN_STRICT_PROTOTYPES = YES;
				CLANG_WARN_SUSPICIOUS_MOVE = YES;
				CLANG_WARN_UNGUARDED_AVAILABILITY = YES_AGGRESSIVE;
				CLANG_WARN_UNREACHABLE_CODE = YES;
				CLANG_WARN__DUPLICATE_METHOD_MATCH = YES;
				CODE_SIGN_IDENTITY = "Apple Development: Aleksandar Vucetic (UMQ77366KY)";
				CODE_SIGN_STYLE = Manual;
				COPY_PHASE_STRIP = NO;
				CURRENT_PROJECT_VERSION = 2;
				DEBUG_INFORMATION_FORMAT = dwarf;
				DEVELOPMENT_TEAM = QP3GV5Z4XY;
				ENABLE_HARDENED_RUNTIME = YES;
				ENABLE_STRICT_OBJC_MSGSEND = YES;
				ENABLE_TESTABILITY = YES;
				GCC_C_LANGUAGE_STANDARD = gnu11;
				GCC_DYNAMIC_NO_PIC = NO;
				GCC_NO_COMMON_BLOCKS = YES;
				GCC_OPTIMIZATION_LEVEL = 0;
				GCC_PREPROCESSOR_DEFINITIONS = (
					"$(inherited)",
					"DEBUG=1",
				);
				GCC_WARN_64_TO_32_BIT_CONVERSION = YES;
				GCC_WARN_ABOUT_RETURN_TYPE = YES_ERROR;
				GCC_WARN_UNDECLARED_SELECTOR = YES;
				GCC_WARN_UNINITIALIZED_AUTOS = YES_AGGRESSIVE;
				GCC_WARN_UNUSED_FUNCTION = YES;
				GCC_WARN_UNUSED_VARIABLE = YES;
				MACOSX_DEPLOYMENT_TARGET = 14.0;
				MARKETING_VERSION = 1.7.0;
				MTL_ENABLE_DEBUG_INFO = INCLUDE_SOURCE;
				MTL_FAST_MATH = YES;
				ONLY_ACTIVE_ARCH = YES;
				PRODUCT_NAME = "$(TARGET_NAME)";
				SDKROOT = macosx;
				SWIFT_ACTIVE_COMPILATION_CONDITIONS = DEBUG;
				SWIFT_OPTIMIZATION_LEVEL = "-Onone";
				SWIFT_VERSION = 6;
			};
			name = Debug;
		};
		64541FACFB43C805B2232348 /* Release */ = {
			isa = XCBuildConfiguration;
			buildSettings = {
				ALWAYS_SEARCH_USER_PATHS = NO;
				CLANG_ANALYZER_NONNULL = YES;
				CLANG_ANALYZER_NUMBER_OBJECT_CONVERSION = YES_AGGRESSIVE;
				CLANG_CXX_LANGUAGE_STANDARD = "gnu++14";
				CLANG_CXX_LIBRARY = "libc++";
				CLANG_ENABLE_MODULES = YES;
				CLANG_ENABLE_OBJC_ARC = YES;
				CLANG_ENABLE_OBJC_WEAK = YES;
				CLANG_WARN_BLOCK_CAPTURE_AUTORELEASING = YES;
				CLANG_WARN_BOOL_CONVERSION = YES;
				CLANG_WARN_COMMA = YES;
				CLANG_WARN_CONSTANT_CONVERSION = YES;
				CLANG_WARN_DEPRECATED_OBJC_IMPLEMENTATIONS = YES;
				CLANG_WARN_DIRECT_OBJC_ISA_USAGE = YES_ERROR;
				CLANG_WARN_DOCUMENTATION_COMMENTS = YES;
				CLANG_WARN_EMPTY_BODY = YES;
				CLANG_WARN_ENUM_CONVERSION = YES;
				CLANG_WARN_INFINITE_RECURSION = YES;
				CLANG_WARN_INT_CONVERSION = YES;
				CLANG_WARN_NON_LITERAL_NULL_CONVERSION = YES;
				CLANG_WARN_OBJC_IMPLICIT_RETAIN_SELF = YES;
				CLANG_WARN_OBJC_LITERAL_CONVERSION = YES;
				CLANG_WARN_OBJC_ROOT_CLASS = YES_ERROR;
				CLANG_WARN_QUOTED_INCLUDE_IN_FRAMEWORK_HEADER = YES;
				CLANG_WARN_RANGE_LOOP_ANALYSIS = YES;
				CLANG_WARN_STRICT_PROTOTYPES = YES;
				CLANG_WARN_SUSPICIOUS_MOVE = YES;
				CLANG_WARN_UNGUARDED_AVAILABILITY = YES_AGGRESSIVE;
				CLANG_WARN_UNREACHABLE_CODE = YES;
				CLANG_WARN__DUPLICATE_METHOD_MATCH = YES;
				CODE_SIGN_IDENTITY = "Apple Development: Aleksandar Vucetic (UMQ77366KY)";
				CODE_SIGN_STYLE = Manual;
				COPY_PHASE_STRIP = NO;
				CURRENT_PROJECT_VERSION = 2;
				DEBUG_INFORMATION_FORMAT = "dwarf-with-dsym";
				DEVELOPMENT_TEAM = QP3GV5Z4XY;
				ENABLE_HARDENED_RUNTIME = YES;
				ENABLE_NS_ASSERTIONS = NO;
				ENABLE_STRICT_OBJC_MSGSEND = YES;
				GCC_C_LANGUAGE_STANDARD = gnu11;
				GCC_NO_COMMON_BLOCKS = YES;
				GCC_WARN_64_TO_32_BIT_CONVERSION = YES;
				GCC_WARN_ABOUT_RETURN_TYPE = YES_ERROR;
				GCC_WARN_UNDECLARED_SELECTOR = YES;
				GCC_WARN_UNINITIALIZED_AUTOS = YES_AGGRESSIVE;
				GCC_WARN_UNUSED_FUNCTION = YES;
				GCC_WARN_UNUSED_VARIABLE = YES;
				MACOSX_DEPLOYMENT_TARGET = 14.0;
				MARKETING_VERSION = 1.7.0;
				MTL_ENABLE_DEBUG_INFO = NO;
				MTL_FAST_MATH = YES;
				PRODUCT_NAME = "$(TARGET_NAME)";
				SDKROOT = macosx;
				SWIFT_COMPILATION_MODE = wholemodule;
				SWIFT_OPTIMIZATION_LEVEL = "-O";
				SWIFT_VERSION = 6;
			};
			name = Release;
		};
		8F9C76ACDDD35AD00051AFA0 /* Debug */ = {
			isa = XCBuildConfiguration;
			buildSettings = {
				ASSETCATALOG_COMPILER_APPICON_NAME = AppIcon;
				CODE_SIGN_ENTITLEMENTS = ScreenSnipe/ScreenSnipeDebug.entitlements;
				COMBINE_HIDPI_IMAGES = YES;
				INFOPLIST_FILE = ScreenSnipe/Resources/Info.plist;
				LD_RUNPATH_SEARCH_PATHS = (
					"$(inherited)",
					"@executable_path/../Frameworks",
				);
				PRODUCT_BUNDLE_IDENTIFIER = app.screensnipe.app.debug;
				PRODUCT_NAME = "Screen Snipe";
				SDKROOT = macosx;
				SWIFT_STRICT_CONCURRENCY = complete;
			};
			name = Debug;
		};
		B60ABFA97B9522E1331272C6 /* Release */ = {
			isa = XCBuildConfiguration;
			buildSettings = {
				BUNDLE_LOADER = "$(TEST_HOST)";
				COMBINE_HIDPI_IMAGES = YES;
				GENERATE_INFOPLIST_FILE = YES;
				LD_RUNPATH_SEARCH_PATHS = (
					"$(inherited)",
					"@executable_path/../Frameworks",
					"@loader_path/../Frameworks",
				);
				PRODUCT_BUNDLE_IDENTIFIER = app.screensnipe.tests;
				SDKROOT = macosx;
				TEST_HOST = "$(BUILT_PRODUCTS_DIR)/ScreenSnipe.app/Contents/MacOS/ScreenSnipe";
			};
			name = Release;
		};
		E742A874D032EE5EFF9CE008 /* Debug */ = {
			isa = XCBuildConfiguration;
			buildSettings = {
				BUNDLE_LOADER = "$(TEST_HOST)";
				COMBINE_HIDPI_IMAGES = YES;
				GENERATE_INFOPLIST_FILE = YES;
				LD_RUNPATH_SEARCH_PATHS = (
					"$(inherited)",
					"@executable_path/../Frameworks",
					"@loader_path/../Frameworks",
				);
				PRODUCT_BUNDLE_IDENTIFIER = app.screensnipe.tests;
				SDKROOT = macosx;
				TEST_HOST = "$(BUILT_PRODUCTS_DIR)/ScreenSnipe.app/Contents/MacOS/ScreenSnipe";
			};
			name = Debug;
		};
/* End XCBuildConfiguration section */

/* Begin XCConfigurationList section */
		41E1467560856E2B1D8A204E /* Build configuration list for PBXProject "ScreenSnipe" */ = {
			isa = XCConfigurationList;
			buildConfigurations = (
				3F4BF85299F9C621A9C4CB9D /* Debug */,
				64541FACFB43C805B2232348 /* Release */,
			);
			defaultConfigurationIsVisible = 0;
			defaultConfigurationName = Debug;
		};
		4BFF9FA79BB6E079BF0501E1 /* Build configuration list for PBXNativeTarget "ScreenSnipeTests" */ = {
			isa = XCConfigurationList;
			buildConfigurations = (
				E742A874D032EE5EFF9CE008 /* Debug */,
				B60ABFA97B9522E1331272C6 /* Release */,
			);
			defaultConfigurationIsVisible = 0;
			defaultConfigurationName = Debug;
		};
		C7F85825116BD89203ABDCE3 /* Build configuration list for PBXNativeTarget "ScreenSnipe" */ = {
			isa = XCConfigurationList;
			buildConfigurations = (
				8F9C76ACDDD35AD00051AFA0 /* Debug */,
				296344B47CCACD5A178CBA37 /* Release */,
			);
			defaultConfigurationIsVisible = 0;
			defaultConfigurationName = Debug;
		};
/* End XCConfigurationList section */
	};
	rootObject = 062E1C6D41440D546F1DEC8E /* Project object */;
}
